
Microsoft Visual Studio Solution File, Format Version 12.00
# Visual Studio 14
VisualStudioVersion = 14.0.25420.1
MinimumVisualStudioVersion = 10.0.40219.1
Project("{2150E333-8FDC-42A3-9474-1A3956D46DE8}") = "src", "src", "{1F3E5FD2-CDCE-4FC9-894A-C54219A727F6}"
EndProject
Project("{2150E333-8FDC-42A3-9474-1A3956D46DE8}") = "Solution Items", "Solution Items", "{A59A0ECE-4C7B-4CCB-AC2E-61B8D0510C16}"
	ProjectSection(SolutionItems) = preProject
		global.json = global.json
	EndProjectSection
EndProject
Project("{8BB2217D-0F2D-49D1-97BC-3654ED321F3B}") = "CryptoPortfolio.Mvc", "src\CryptoPortfolio\CryptoPortfolio.Mvc.xproj", "{36172FDE-B1FC-4CB8-B9A5-454D18377FF9}"
EndProject
Project("{8BB2217D-0F2D-49D1-97BC-3654ED321F3B}") = "CryptoPortfolio.Infrastructure", "src\CryptoPortfolio.Infrastructure\CryptoPortfolio.Infrastructure.xproj", "{4931EAE9-8133-4F18-984E-747920E88EC5}"
EndProject
Project("{8BB2217D-0F2D-49D1-97BC-3654ED321F3B}") = "CryptoPortfolio.Core", "src\CryptoPortfolio.Core\CryptoPortfolio.Core.xproj", "{07D8072E-8215-48ED-862E-A957D8E021BC}"
EndProject
Project("{8BB2217D-0F2D-49D1-97BC-3654ED321F3B}") = "CryptoPortfolio.Console", "src\CryptoPortfolio.Console\CryptoPortfolio.Console.xproj", "{BC38FFE2-CDBF-45B4-ABA4-6DD3AA9F7A14}"
EndProject
Global
	GlobalSection(SolutionConfigurationPlatforms) = preSolution
		Debug|Any CPU = Debug|Any CPU
		Release|Any CPU = Release|Any CPU
	EndGlobalSection
	GlobalSection(ProjectConfigurationPlatforms) = postSolution
		{36172FDE-B1FC-4CB8-B9A5-454D18377FF9}.Debug|Any CPU.ActiveCfg = Debug|Any CPU
		{36172FDE-B1FC-4CB8-B9A5-454D18377FF9}.Debug|Any CPU.Build.0 = Debug|Any CPU
		{36172FDE-B1FC-4CB8-B9A5-454D18377FF9}.Release|Any CPU.ActiveCfg = Release|Any CPU
		{36172FDE-B1FC-4CB8-B9A5-454D18377FF9}.Release|Any CPU.Build.0 = Release|Any CPU
		{4931EAE9-8133-4F18-984E-747920E88EC5}.Debug|Any CPU.ActiveCfg = Debug|Any CPU
		{4931EAE9-8133-4F18-984E-747920E88EC5}.Debug|Any CPU.Build.0 = Debug|Any CPU
		{4931EAE9-8133-4F18-984E-747920E88EC5}.Release|Any CPU.ActiveCfg = Release|Any CPU
		{4931EAE9-8133-4F18-984E-747920E88EC5}.Release|Any CPU.Build.0 = Release|Any CPU
		{07D8072E-8215-48ED-862E-A957D8E021BC}.Debug|Any CPU.ActiveCfg = Debug|Any CPU
		{07D8072E-8215-48ED-862E-A957D8E021BC}.Debug|Any CPU.Build.0 = Debug|Any CPU
		{07D8072E-8215-48ED-862E-A957D8E021BC}.Release|Any CPU.ActiveCfg = Release|Any CPU
		{07D8072E-8215-48ED-862E-A957D8E021BC}.Release|Any CPU.Build.0 = Release|Any CPU
		{BC38FFE2-CDBF-45B4-ABA4-6DD3AA9F7A14}.Debug|Any CPU.ActiveCfg = Debug|Any CPU
		{BC38FFE2-CDBF-45B4-ABA4-6DD3AA9F7A14}.Debug|Any CPU.Build.0 = Debug|Any CPU
		{BC38FFE2-CDBF-45B4-ABA4-6DD3AA9F7A14}.Release|Any CPU.ActiveCfg = Release|Any CPU
		{BC38FFE2-CDBF-45B4-ABA4-6DD3AA9F7A14}.Release|Any CPU.Build.0 = Release|Any CPU
	EndGlobalSection
	GlobalSection(SolutionProperties) = preSolution
		HideSolutionNode = FALSE
	EndGlobalSection
	GlobalSection(NestedProjects) = preSolution
		{36172FDE-B1FC-4CB8-B9A5-454D18377FF9} = {1F3E5FD2-CDCE-4FC9-894A-C54219A727F6}
		{4931EAE9-8133-4F18-984E-747920E88EC5} = {1F3E5FD2-CDCE-4FC9-894A-C54219A727F6}
		{07D8072E-8215-48ED-862E-A957D8E021BC} = {1F3E5FD2-CDCE-4FC9-894A-C54219A727F6}
		{BC38FFE2-CDBF-45B4-ABA4-6DD3AA9F7A14} = {1F3E5FD2-CDCE-4FC9-894A-C54219A727F6}
	EndGlobalSection
EndGlobal
